// !$*UTF8*$!
{
	archiveVersion = 1;
	classes = {
	};
	objectVersion = 46;
	objects = {

/* Begin PBXBuildFile section */
		902BE8051DDA850300961A1B /* BaseballScorecard.jpg in Resources */ = {isa = PBXBuildFile; fileRef = 902BE8041DDA850300961A1B /* BaseballScorecard.jpg */; };
		906795881DD1301C008E2E64 /* AppDelegate.swift in Sources */ = {isa = PBXBuildFile; fileRef = 906795871DD1301C008E2E64 /* AppDelegate.swift */; };
		9067958A1DD1301C008E2E64 /* ViewController.swift in Sources */ = {isa = PBXBuildFile; fileRef = 906795891DD1301C008E2E64 /* ViewController.swift */; };
		9067958D1DD1301C008E2E64 /* Main.storyboard in Resources */ = {isa = PBXBuildFile; fileRef = 9067958B1DD1301C008E2E64 /* Main.storyboard */; };
		906795901DD1301C008E2E64 /* DigitalBaseballScorecard.xcdatamodeld in Sources */ = {isa = PBXBuildFile; fileRef = 9067958E1DD1301C008E2E64 /* DigitalBaseballScorecard.xcdatamodeld */; };
		906795921DD1301C008E2E64 /* Assets.xcassets in Resources */ = {isa = PBXBuildFile; fileRef = 906795911DD1301C008E2E64 /* Assets.xcassets */; };
		906795951DD1301C008E2E64 /* LaunchScreen.storyboard in Resources */ = {isa = PBXBuildFile; fileRef = 906795931DD1301C008E2E64 /* LaunchScreen.storyboard */; };
/* End PBXBuildFile section */

/* Begin PBXFileReference section */
		902BE8041DDA850300961A1B /* BaseballScorecard.jpg */ = {isa = PBXFileReference; lastKnownFileType = image.jpeg; path = BaseballScorecard.jpg; sourceTree = SOURCE_ROOT; };
		906795841DD1301C008E2E64 /* DigitalBaseballScorecard.app */ = {isa = PBXFileReference; explicitFileType = wrapper.application; includeInIndex = 0; path = DigitalBaseballScorecard.app; sourceTree = BUILT_PRODUCTS_DIR; };
		906795871DD1301C008E2E64 /* AppDelegate.swift */ = {isa = PBXFileReference; lastKnownFileType = sourcecode.swift; path = AppDelegate.swift; sourceTree = "<group>"; };
		906795891DD1301C008E2E64 /* ViewController.swift */ = {isa = PBXFileReference; lastKnownFileType = sourcecode.swift; path = ViewController.swift; sourceTree = "<group>"; };
		9067958C1DD1301C008E2E64 /* Base */ = {isa = PBXFileReference; lastKnownFileType = file.storyboard; name = Base; path = Base.lproj/Main.storyboard; sourceTree = "<group>"; };
		9067958F1DD1301C008E2E64 /* DigitalBaseballScorecard.xcdatamodel */ = {isa = PBXFileReference; lastKnownFileType = wrapper.xcdatamodel; path = DigitalBaseballScorecard.xcdatamodel; sourceTree = "<group>"; };
		906795911DD1301C008E2E64 /* Assets.xcassets */ = {isa = PBXFileReference; lastKnownFileType = folder.assetcatalog; path = Assets.xcassets; sourceTree = "<group>"; };
		906795941DD1301C008E2E64 /* Base */ = {isa = PBXFileReference; lastKnownFileType = file.storyboard; name = Base; path = Base.lproj/LaunchScreen.storyboard; sourceTree = "<group>"; };
		906795961DD1301C008E2E64 /* Info.plist */ = {isa = PBXFileReference; lastKnownFileType = text.plist.xml; path = Info.plist; sourceTree = "<group>"; };
/* End PBXFileReference section */

/* Begin PBXFrameworksBuildPhase section */
		906795811DD1301C008E2E64 /* Frameworks */ = {
			isa = PBXFrameworksBuildPhase;
			buildActionMask = 2147483647;
			files = (
			);
			runOnlyForDeploymentPostprocessing = 0;
		};
/* End PBXFrameworksBuildPhase section */

/* Begin PBXGroup section */
		9067957B1DD1301C008E2E64 = {
			isa = PBXGroup;
			children = (
				906795861DD1301C008E2E64 /* DigitalBaseballScorecard */,
				906795851DD1301C008E2E64 /* Products */,
			);
			sourceTree = "<group>";
		};
		906795851DD1301C008E2E64 /* Products */ = {
			isa = PBXGroup;
			children = (
				906795841DD1301C008E2E64 /* DigitalBaseballScorecard.app */,
			);
			name = Products;
			sourceTree = "<group>";
		};
		906795861DD1301C008E2E64 /* DigitalBaseballScorecard */ = {
			isa = PBXGroup;
			children = (
				902BE8041DDA850300961A1B /* BaseballScorecard.jpg */,
				906795871DD1301C008E2E64 /* AppDelegate.swift */,
				906795891DD1301C008E2E64 /* ViewController.swift */,
				9067958B1DD1301C008E2E64 /* Main.storyboard */,
				906795911DD1301C008E2E64 /* Assets.xcassets */,
				906795931DD1301C008E2E64 /* LaunchScreen.storyboard */,
				906795961DD1301C008E2E64 /* Info.plist */,
				9067958E1DD1301C008E2E64 /* DigitalBaseballScorecard.xcdatamodeld */,
			);
			path = DigitalBaseballScorecard;
			sourceTree = "<group>";
		};
/* End PBXGroup section */

/* Begin PBXNativeTarget section */
		906795831DD1301C008E2E64 /* DigitalBaseballScorecard */ = {
			isa = PBXNativeTarget;
			buildConfigurationList = 906795991DD1301C008E2E64 /* Build configuration list for PBXNativeTarget "DigitalBaseballScorecard" */;
			buildPhases = (
				906795801DD1301C008E2E64 /* Sources */,
				906795811DD1301C008E2E64 /* Frameworks */,
				906795821DD1301C008E2E64 /* Resources */,
			);
			buildRules = (
			);
			dependencies = (
			);
			name = DigitalBaseballScorecard;
			productName = DigitalBaseballScorecard;
			productReference = 906795841DD1301C008E2E64 /* DigitalBaseballScorecard.app */;
			productType = "com.apple.product-type.application";
		};
/* End PBXNativeTarget section */

/* Begin PBXProject section */
		9067957C1DD1301C008E2E64 /* Project object */ = {
			isa = PBXProject;
			attributes = {
				LastSwiftUpdateCheck = 0730;
				LastUpgradeCheck = 0730;
				ORGANIZATIONNAME = "Rock Valley College";
				TargetAttributes = {
					906795831DD1301C008E2E64 = {
						CreatedOnToolsVersion = 7.3.1;
					};
				};
			};
			buildConfigurationList = 9067957F1DD1301C008E2E64 /* Build configuration list for PBXProject "DigitalBaseballScorecard" */;
			compatibilityVersion = "Xcode 3.2";
			developmentRegion = English;
			hasScannedForEncodings = 0;
			knownRegions = (
				en,
				Base,
			);
			mainGroup = 9067957B1DD1301C008E2E64;
			productRefGroup = 906795851DD1301C008E2E64 /* Products */;
			projectDirPath = "";
			projectRoot = "";
			targets = (
				906795831DD1301C008E2E64 /* DigitalBaseballScorecard */,
			);
		};
/* End PBXProject section */

/* Begin PBXResourcesBuildPhase section */
		906795821DD1301C008E2E64 /* Resources */ = {
			isa = PBXResourcesBuildPhase;
			buildActionMask = 2147483647;
			files = (
				902BE8051DDA850300961A1B /* BaseballScorecard.jpg in Resources */,
				906795951DD1301C008E2E64 /* LaunchScreen.storyboard in Resources */,
				906795921DD1301C008E2E64 /* Assets.xcassets in Resources */,
				9067958D1DD1301C008E2E64 /* Main.storyboard in Resources */,
			);
			runOnlyForDeploymentPostprocessing = 0;
		};
/* End PBXResourcesBuildPhase section */

/* Begin PBXSourcesBuildPhase section */
		906795801DD1301C008E2E64 /* Sources */ = {
			isa = PBXSourcesBuildPhase;
			buildActionMask = 2147483647;
			files = (
				906795901DD1301C008E2E64 /* DigitalBaseballScorecard.xcdatamodeld in Sources */,
				9067958A1DD1301C008E2E64 /* ViewController.swift in Sources */,
				906795881DD1301C008E2E64 /* AppDelegate.swift in Sources */,
			);
			runOnlyForDeploymentPostprocessing = 0;
		};
/* End PBXSourcesBuildPhase section */

/* Begin PBXVariantGroup section */
		9067958B1DD1301C008E2E64 /* Main.storyboard */ = {
			isa = PBXVariantGroup;
			children = (
				9067958C1DD1301C008E2E64 /* Base */,
			);
			name = Main.storyboard;
			sourceTree = "<group>";
		};
		906795931DD1301C008E2E64 /* LaunchScreen.storyboard */ = {
			isa = PBXVariantGroup;
			children = (
				906795941DD1301C008E2E64 /* Base */,
			);
			name = LaunchScreen.storyboard;
			sourceTree = "<group>";
		};
/* End PBXVariantGroup section */

/* Begin XCBuildConfiguration section */
		906795971DD1301C008E2E64 /* Debug */ = {
			isa = XCBuildConfiguration;
			buildSettings = {
				ALWAYS_SEARCH_USER_PATHS = NO;
				CLANG_ANALYZER_NONNULL = YES;
				CLANG_CXX_LANGUAGE_STANDARD = "gnu++0x";
				CLANG_CXX_LIBRARY = "libc++";
				CLANG_ENABLE_MODULES = YES;
				CLANG_ENABLE_OBJC_ARC = YES;
				CLANG_WARN_BOOL_CONVERSION = YES;
				CLANG_WARN_CONSTANT_CONVERSION = YES;
				CLANG_WARN_DIRECT_OBJC_ISA_USAGE = YES_ERROR;
				CLANG_WARN_EMPTY_BODY = YES;
				CLANG_WARN_ENUM_CONVERSION = YES;
				CLANG_WARN_INT_CONVERSION = YES;
				CLANG_WARN_OBJC_ROOT_CLASS = YES_ERROR;
				CLANG_WARN_UNREACHABLE_CODE = YES;
				CLANG_WARN__DUPLICATE_METHOD_MATCH = YES;
				"CODE_SIGN_IDENTITY[sdk=iphoneos*]" = "iPhone Developer";
				COPY_PHASE_STRIP = NO;
				DEBUG_INFORMATION_FORMAT = dwarf;
				ENABLE_STRICT_OBJC_MSGSEND = YES;
				ENABLE_TESTABILITY = YES;
				GCC_C_LANGUAGE_STANDARD = gnu99;
				GCC_DYNAMIC_NO_PIC = NO;
				GCC_NO_COMMON_BLOCKS = YES;
				GCC_OPTIMIZATION_LEVEL = 0;
				GCC_PREPROCESSOR_DEFINITIONS = (
					"DEBUG=1",
					"$(inherited)",
				);
				GCC_WARN_64_TO_32_BIT_CONVERSION = YES;
				GCC_WARN_ABOUT_RETURN_TYPE = YES_ERROR;
				GCC_WARN_UNDECLARED_SELECTOR = YES;
				GCC_WARN_UNINITIALIZED_AUTOS = YES_AGGRESSIVE;
				GCC_WARN_UNUSED_FUNCTION = YES;
				GCC_WARN_UNUSED_VARIABLE = YES;
				IPHONEOS_DEPLOYMENT_TARGET = 9.3;
				MTL_ENABLE_DEBUG_INFO = YES;
				ONLY_ACTIVE_ARCH = YES;
				SDKROOT = iphoneos;
				SWIFT_OPTIMIZATION_LEVEL = "-Onone";
				TARGETED_DEVICE_FAMILY = 2;
			};
			name = Debug;
		};
		906795981DD1301C008E2E64 /* Release */ = {
			isa = XCBuildConfiguration;
			buildSettings = {
				ALWAYS_SEARCH_USER_PATHS = NO;
				CLANG_ANALYZER_NONNULL = YES;
				CLANG_CXX_LANGUAGE_STANDARD = "gnu++0x";
				CLANG_CXX_LIBRARY = "libc++";
				CLANG_ENABLE_MODULES = YES;
				CLANG_ENABLE_OBJC_ARC = YES;
				CLANG_WARN_BOOL_CONVERSION = YES;
				CLANG_WARN_CONSTANT_CONVERSION = YES;
				CLANG_WARN_DIRECT_OBJC_ISA_USAGE = YES_ERROR;
				CLANG_WARN_EMPTY_BODY = YES;
				CLANG_WARN_ENUM_CONVERSION = YES;
				CLANG_WARN_INT_CONVERSION = YES;
				CLANG_WARN_OBJC_ROOT_CLASS = YES_ERROR;
				CLANG_WARN_UNREACHABLE_CODE = YES;
				CLANG_WARN__DUPLICATE_METHOD_MATCH = YES;
				"CODE_SIGN_IDENTITY[sdk=iphoneos*]" = "iPhone Developer";
				COPY_PHASE_STRIP = NO;
				DEBUG_INFORMATION_FORMAT = "dwarf-with-dsym";
				ENABLE_NS_ASSERTIONS = NO;
				ENABLE_STRICT_OBJC_MSGSEND = YES;
				GCC_C_LANGUAGE_STANDARD = gnu99;
				GCC_NO_COMMON_BLOCKS = YES;
				GCC_WARN_64_TO_32_BIT_CONVERSION = YES;
				GCC_WARN_ABOUT_RETURN_TYPE = YES_ERROR;
				GCC_WARN_UNDECLARED_SELECTOR = YES;
				GCC_WARN_UNINITIALIZED_AUTOS = YES_AGGRESSIVE;
				GCC_WARN_UNUSED_FUNCTION = YES;
				GCC_WARN_UNUSED_VARIABLE = YES;
				IPHONEOS_DEPLOYMENT_TARGET = 9.3;
				MTL_ENABLE_DEBUG_INFO = NO;
				SDKROOT = iphoneos;
				TARGETED_DEVICE_FAMILY = 2;
				VALIDATE_PRODUCT = YES;
			};
			name = Release;
		};
		9067959A1DD1301C008E2E64 /* Debug */ = {
			isa = XCBuildConfiguration;
			buildSettings = {
				ASSETCATALOG_COMPILER_APPICON_NAME = AppIcon;
				INFOPLIST_FILE = DigitalBaseballScorecard/Info.plist;
				LD_RUNPATH_SEARCH_PATHS = "$(inherited) @executable_path/Frameworks";
				PRODUCT_BUNDLE_IDENTIFIER = edu.RockValleyCollege.DigitalBaseballScorecard;
				PRODUCT_NAME = "$(TARGET_NAME)";
			};
			name = Debug;
		};
		9067959B1DD1301C008E2E64 /* Release */ = {
			isa = XCBuildConfiguration;
			buildSettings = {
				ASSETCATALOG_COMPILER_APPICON_NAME = AppIcon;
				INFOPLIST_FILE = DigitalBaseballScorecard/Info.plist;
				LD_RUNPATH_SEARCH_PATHS = "$(inherited) @executable_path/Frameworks";
				PRODUCT_BUNDLE_IDENTIFIER = edu.RockValleyCollege.DigitalBaseballScorecard;
				PRODUCT_NAME = "$(TARGET_NAME)";
			};
			name = Release;
		};
/* End XCBuildConfiguration section */

/* Begin XCConfigurationList section */
		9067957F1DD1301C008E2E64 /* Build configuration list for PBXProject "DigitalBaseballScorecard" */ = {
			isa = XCConfigurationList;
			buildConfigurations = (
				906795971DD1301C008E2E64 /* Debug */,
				906795981DD1301C008E2E64 /* Release */,
			);
			defaultConfigurationIsVisible = 0;
			defaultConfigurationName = Release;
		};
		906795991DD1301C008E2E64 /* Build configuration list for PBXNativeTarget "DigitalBaseballScorecard" */ = {
			isa = XCConfigurationList;
			buildConfigurations = (
				9067959A1DD1301C008E2E64 /* Debug */,
				9067959B1DD1301C008E2E64 /* Release */,
			);
			defaultConfigurationIsVisible = 0;
			defaultConfigurationName = Release;
		};
/* End XCConfigurationList section */

/* Begin XCVersionGroup section */
		9067958E1DD1301C008E2E64 /* DigitalBaseballScorecard.xcdatamodeld */ = {
			isa = XCVersionGroup;
			children = (
				9067958F1DD1301C008E2E64 /* DigitalBaseballScorecard.xcdatamodel */,
			);
			currentVersion = 9067958F1DD1301C008E2E64 /* DigitalBaseballScorecard.xcdatamodel */;
			path = DigitalBaseballScorecard.xcdatamodeld;
			sourceTree = "<group>";
			versionGroupType = wrapper.xcdatamodel;
		};
/* End XCVersionGroup section */
	};
	rootObject = 9067957C1DD1301C008E2E64 /* Project object */;
}
